
Microsoft Visual Studio Solution File, Format Version 12.00
# Visual Studio Version 17
VisualStudioVersion = 17.0.32014.148
MinimumVisualStudioVersion = 10.0.40219.1
Project("{FAE04EC0-301F-11D3-BF4B-00C04F79EFBC}") = "BetterSinkholes2", "BetterSinkholes2\BetterSinkholes2.csproj", "{149B6896-1F59-4E65-950B-808D2F57B09B}"
EndProject
Global
	GlobalSection(SolutionConfigurationPlatforms) = preSolution
		Debug|Any CPU = Debug|Any CPU
		Release|Any CPU = Release|Any CPU
	EndGlobalSection
	GlobalSection(ProjectConfigurationPlatforms) = postSolution
		{149B6896-1F59-4E65-950B-808D2F57B09B}.Debug|Any CPU.ActiveCfg = Debug|Any CPU
		{149B6896-1F59-4E65-950B-808D2F57B09B}.Debug|Any CPU.Build.0 = Debug|Any CPU
		{149B6896-1F59-4E65-950B-808D2F57B09B}.Release|Any CPU.ActiveCfg = Release|Any CPU
		{149B6896-1F59-4E65-950B-808D2F57B09B}.Release|Any CPU.Build.0 = Release|Any CPU
	EndGlobalSection
	GlobalSection(SolutionProperties) = preSolution
		HideSolutionNode = FALSE
	EndGlobalSection
	GlobalSection(ExtensibilityGlobals) = postSolution
		SolutionGuid = {712D2B54-9D74-4A33-AD04-E09DD8CABFB0}
	EndGlobalSection
EndGlobal
